
Microsoft Visual Studio Solution File, Format Version 12.00
# Visual Studio Version 17
VisualStudioVersion = 17.5.33424.131
MinimumVisualStudioVersion = 10.0.40219.1
Project("{9A19103F-16F7-4668-BE54-9A1E7A4F7556}") = "LocalDBWebAPI", "LocalDBWebAPI\LocalDBWebAPI.csproj", "{FAA567BD-D2B1-43AC-B549-802305868251}"
EndProject
Project("{FAE04EC0-301F-11D3-BF4B-00C04F79EFBC}") = "ClientDesktopApp", "ClientDesktopApp\ClientDesktopApp.csproj", "{23882DA7-B37D-4606-9231-3C6823D3E1A0}"
EndProject
Project("{FAE04EC0-301F-11D3-BF4B-00C04F79EFBC}") = "SharedLibrary", "SharedLibrary\SharedLibrary.csproj", "{F48ADC04-B9B4-42C8-815A-478134C91747}"
EndProject
Project("{9A19103F-16F7-4668-BE54-9A1E7A4F7556}") = "WebsiteView", "WebsiteView\WebsiteView.csproj", "{FE13206C-29DA-4B2F-B223-9FCBD160A2A2}"
EndProject
Global
	GlobalSection(SolutionConfigurationPlatforms) = preSolution
		Debug|Any CPU = Debug|Any CPU
		Release|Any CPU = Release|Any CPU
	EndGlobalSection
	GlobalSection(ProjectConfigurationPlatforms) = postSolution
		{FAA567BD-D2B1-43AC-B549-802305868251}.Debug|Any CPU.ActiveCfg = Debug|Any CPU
		{FAA567BD-D2B1-43AC-B549-802305868251}.Debug|Any CPU.Build.0 = Debug|Any CPU
		{FAA567BD-D2B1-43AC-B549-802305868251}.Release|Any CPU.ActiveCfg = Release|Any CPU
		{FAA567BD-D2B1-43AC-B549-802305868251}.Release|Any CPU.Build.0 = Release|Any CPU
		{23882DA7-B37D-4606-9231-3C6823D3E1A0}.Debug|Any CPU.ActiveCfg = Debug|Any CPU
		{23882DA7-B37D-4606-9231-3C6823D3E1A0}.Debug|Any CPU.Build.0 = Debug|Any CPU
		{23882DA7-B37D-4606-9231-3C6823D3E1A0}.Release|Any CPU.ActiveCfg = Release|Any CPU
		{23882DA7-B37D-4606-9231-3C6823D3E1A0}.Release|Any CPU.Build.0 = Release|Any CPU
		{F48ADC04-B9B4-42C8-815A-478134C91747}.Debug|Any CPU.ActiveCfg = Debug|Any CPU
		{F48ADC04-B9B4-42C8-815A-478134C91747}.Debug|Any CPU.Build.0 = Debug|Any CPU
		{F48ADC04-B9B4-42C8-815A-478134C91747}.Release|Any CPU.ActiveCfg = Release|Any CPU
		{F48ADC04-B9B4-42C8-815A-478134C91747}.Release|Any CPU.Build.0 = Release|Any CPU
		{FE13206C-29DA-4B2F-B223-9FCBD160A2A2}.Debug|Any CPU.ActiveCfg = Debug|Any CPU
		{FE13206C-29DA-4B2F-B223-9FCBD160A2A2}.Debug|Any CPU.Build.0 = Debug|Any CPU
		{FE13206C-29DA-4B2F-B223-9FCBD160A2A2}.Release|Any CPU.ActiveCfg = Release|Any CPU
		{FE13206C-29DA-4B2F-B223-9FCBD160A2A2}.Release|Any CPU.Build.0 = Release|Any CPU
	EndGlobalSection
	GlobalSection(SolutionProperties) = preSolution
		HideSolutionNode = FALSE
	EndGlobalSection
	GlobalSection(ExtensibilityGlobals) = postSolution
		SolutionGuid = {7218795D-D11E-4F10-BA5C-A49B8622A87E}
	EndGlobalSection
EndGlobal
